# This file is automatically @generated by Cargo.
# It is not intended for manual editing.
version = 4

[[package]]
name = "bitstream-io"
version = "4.9.0"
source = "registry+https://github.com/rust-lang/crates.io-index"
checksum = "60d4bd9d1db2c6bdf285e223a7fa369d5ce98ec767dec949c6ca62863ce61757"
dependencies = [
 "core2",
]

[[package]]
name = "core2"
version = "0.4.0"
source = "registry+https://github.com/rust-lang/crates.io-index"
checksum = "b49ba7ef1ad6107f8824dbe97de947cbaac53c44e7f9756a1fba0d37c1eec505"
dependencies = [
 "memchr",
]

[[package]]
name = "four-cc"
version = "0.4.0"
source = "registry+https://github.com/rust-lang/crates.io-index"
checksum = "795cbfc56d419a7ce47ccbb7504dd9a5b7c484c083c356e797de08bd988d9629"

[[package]]
name = "h264-reader"
version = "0.8.0"
dependencies = [
 "bitstream-io",
 "hex-slice",
 "log",
 "memchr",
 "rfc6381-codec",
]

[[package]]
name = "h264-syntax-dump"
version = "0.1.0"
dependencies = [
 "h264-reader",
 "mpeg-syntax-dump",
]

[[package]]
name = "hex-slice"
version = "0.1.4"
source = "registry+https://github.com/rust-lang/crates.io-index"
checksum = "5491a308e0214554f07a81d8944abe45f552871c12e3c3c6e7e5d354039a6c4c"

[[package]]
name = "log"
version = "0.4.29"
source = "registry+https://github.com/rust-lang/crates.io-index"
checksum = "5e5032e24019045c762d3c0f28f5b6b8bbf38563a65908389bf7978758920897"

[[package]]
name = "memchr"
version = "2.8.0"
source = "registry+https://github.com/rust-lang/crates.io-index"
checksum = "f8ca58f447f06ed17d5fc4043ce1b10dd205e060fb3ce5b979b8ed8e59ff3f79"

[[package]]
name = "mp4ra-rust"
version = "0.3.0"
source = "registry+https://github.com/rust-lang/crates.io-index"
checksum = "fdbc3d3867085d66ac6270482e66f3dd2c5a18451a3dc9ad7269e94844a536b7"
dependencies = [
 "four-cc",
]

[[package]]
name = "mpeg-syntax-dump"
version = "0.1.0"

[[package]]
name = "mpeg4-audio-const"
version = "0.2.0"
source = "registry+https://github.com/rust-lang/crates.io-index"
checksum = "96a1fe2275b68991faded2c80aa4a33dba398b77d276038b8f50701a22e55918"

[[package]]
name = "rfc6381-codec"
version = "0.2.0"
source = "registry+https://github.com/rust-lang/crates.io-index"
checksum = "ed54c20f5c3ec82eab6d998b313dc75ec5d5650d4f57675e61d72489040297fd"
dependencies = [
 "mp4ra-rust",
 "mpeg4-audio-const",
]
